
Microsoft Visual Studio Solution File, Format Version 12.00
# Visual Studio 15
VisualStudioVersion = 15.0.26124.0
MinimumVisualStudioVersion = 15.0.26124.0
Project("{F2A71F9B-5D33-465A-A702-920D77279786}") = "RyakDB", "RyakDB\RyakDB.fsproj", "{E3B39081-9FD9-4584-ABB8-BB8C1F1A87BB}"
EndProject
Project("{F2A71F9B-5D33-465A-A702-920D77279786}") = "RyakDB.Test", "RyakDB.Test\RyakDB.Test.fsproj", "{376E5224-BA62-4542-8343-91FEBB8E0A3E}"
EndProject
Global
	GlobalSection(SolutionConfigurationPlatforms) = preSolution
		Debug|Any CPU = Debug|Any CPU
		Debug|x64 = Debug|x64
		Debug|x86 = Debug|x86
		Release|Any CPU = Release|Any CPU
		Release|x64 = Release|x64
		Release|x86 = Release|x86
	EndGlobalSection
	GlobalSection(SolutionProperties) = preSolution
		HideSolutionNode = FALSE
	EndGlobalSection
	GlobalSection(ProjectConfigurationPlatforms) = postSolution
		{E3B39081-9FD9-4584-ABB8-BB8C1F1A87BB}.Debug|Any CPU.ActiveCfg = Debug|Any CPU
		{E3B39081-9FD9-4584-ABB8-BB8C1F1A87BB}.Debug|Any CPU.Build.0 = Debug|Any CPU
		{E3B39081-9FD9-4584-ABB8-BB8C1F1A87BB}.Debug|x64.ActiveCfg = Debug|Any CPU
		{E3B39081-9FD9-4584-ABB8-BB8C1F1A87BB}.Debug|x64.Build.0 = Debug|Any CPU
		{E3B39081-9FD9-4584-ABB8-BB8C1F1A87BB}.Debug|x86.ActiveCfg = Debug|Any CPU
		{E3B39081-9FD9-4584-ABB8-BB8C1F1A87BB}.Debug|x86.Build.0 = Debug|Any CPU
		{E3B39081-9FD9-4584-ABB8-BB8C1F1A87BB}.Release|Any CPU.ActiveCfg = Release|Any CPU
		{E3B39081-9FD9-4584-ABB8-BB8C1F1A87BB}.Release|Any CPU.Build.0 = Release|Any CPU
		{E3B39081-9FD9-4584-ABB8-BB8C1F1A87BB}.Release|x64.ActiveCfg = Release|Any CPU
		{E3B39081-9FD9-4584-ABB8-BB8C1F1A87BB}.Release|x64.Build.0 = Release|Any CPU
		{E3B39081-9FD9-4584-ABB8-BB8C1F1A87BB}.Release|x86.ActiveCfg = Release|Any CPU
		{E3B39081-9FD9-4584-ABB8-BB8C1F1A87BB}.Release|x86.Build.0 = Release|Any CPU
		{376E5224-BA62-4542-8343-91FEBB8E0A3E}.Debug|Any CPU.ActiveCfg = Debug|Any CPU
		{376E5224-BA62-4542-8343-91FEBB8E0A3E}.Debug|Any CPU.Build.0 = Debug|Any CPU
		{376E5224-BA62-4542-8343-91FEBB8E0A3E}.Debug|x64.ActiveCfg = Debug|Any CPU
		{376E5224-BA62-4542-8343-91FEBB8E0A3E}.Debug|x64.Build.0 = Debug|Any CPU
		{376E5224-BA62-4542-8343-91FEBB8E0A3E}.Debug|x86.ActiveCfg = Debug|Any CPU
		{376E5224-BA62-4542-8343-91FEBB8E0A3E}.Debug|x86.Build.0 = Debug|Any CPU
		{376E5224-BA62-4542-8343-91FEBB8E0A3E}.Release|Any CPU.ActiveCfg = Release|Any CPU
		{376E5224-BA62-4542-8343-91FEBB8E0A3E}.Release|Any CPU.Build.0 = Release|Any CPU
		{376E5224-BA62-4542-8343-91FEBB8E0A3E}.Release|x64.ActiveCfg = Release|Any CPU
		{376E5224-BA62-4542-8343-91FEBB8E0A3E}.Release|x64.Build.0 = Release|Any CPU
		{376E5224-BA62-4542-8343-91FEBB8E0A3E}.Release|x86.ActiveCfg = Release|Any CPU
		{376E5224-BA62-4542-8343-91FEBB8E0A3E}.Release|x86.Build.0 = Release|Any CPU
	EndGlobalSection
EndGlobal
